{
  "name": "@komatik/event-processor",
  "version": "0.1.0",
  "lockfileVersion": 3,
  "requires": true,
  "packages": {
    "": {
      "name": "@komatik/event-processor",
      "version": "0.1.0",
      "dependencies": {
        "@komatik/shared": "file:../shared"
      },
      "engines": {
        "node": ">=22"
      }
    },
    "../shared": {
      "name": "@komatik/shared",
      "version": "0.1.0",
      "dependencies": {
        "@supabase/supabase-js": "^2.49.0"
      },
      "engines": {
        "node": ">=22"
      }
    },
    "node_modules/@komatik/shared": {
      "resolved": "../shared",
      "link": true
    }
  }
}
